// !$*UTF8*$!
{
	archiveVersion = 1;
	classes = {
	};
	objectVersion = 46;
	objects = {

/* Begin PBXBuildFile section */
		FD081BA317BC935400336EDA /* GTLQueryRosetask.m in Sources */ = {isa = PBXBuildFile; fileRef = FD081B8617BC935400336EDA /* GTLQueryRosetask.m */; };
		FD081BA517BC935400336EDA /* GTLRosetaskApiMessagesTaskListListResponse.m in Sources */ = {isa = PBXBuildFile; fileRef = FD081B8A17BC935400336EDA /* GTLRosetaskApiMessagesTaskListListResponse.m */; };
		FD081BA617BC935400336EDA /* GTLRosetaskApiMessagesTaskListResponseMessage.m in Sources */ = {isa = PBXBuildFile; fileRef = FD081B8C17BC935400336EDA /* GTLRosetaskApiMessagesTaskListResponseMessage.m */; };
		FD081BA717BC935400336EDA /* GTLRosetaskApiMessagesTaskResponseMessage.m in Sources */ = {isa = PBXBuildFile; fileRef = FD081B8E17BC935400336EDA /* GTLRosetaskApiMessagesTaskResponseMessage.m */; };
		FD081BA817BC935400336EDA /* GTLRosetaskApiMessagesTaskUserResponseMessage.m in Sources */ = {isa = PBXBuildFile; fileRef = FD081B9017BC935400336EDA /* GTLRosetaskApiMessagesTaskUserResponseMessage.m */; };
		FD081BA917BC935400336EDA /* GTLRosetaskConstants.m in Sources */ = {isa = PBXBuildFile; fileRef = FD081B9217BC935400336EDA /* GTLRosetaskConstants.m */; };
		FD081BAA17BC935400336EDA /* GTLRosetaskTask.m in Sources */ = {isa = PBXBuildFile; fileRef = FD081B9417BC935400336EDA /* GTLRosetaskTask.m */; };
		FD081BAB17BC935400336EDA /* GTLRosetaskTaskCollection.m in Sources */ = {isa = PBXBuildFile; fileRef = FD081B9617BC935400336EDA /* GTLRosetaskTaskCollection.m */; };
		FD081BAC17BC935400336EDA /* GTLRosetaskTaskList.m in Sources */ = {isa = PBXBuildFile; fileRef = FD081B9817BC935400336EDA /* GTLRosetaskTaskList.m */; };
		FD081BAD17BC935400336EDA /* GTLRosetaskTaskListProtoIdTitleTaskUserEmails.m in Sources */ = {isa = PBXBuildFile; fileRef = FD081B9A17BC935400336EDA /* GTLRosetaskTaskListProtoIdTitleTaskUserEmails.m */; };
		FD081BAE17BC935400336EDA /* GTLRosetaskTaskProtoIdTextTaskListIdDetailsCompleteAssignedToEmail.m in Sources */ = {isa = PBXBuildFile; fileRef = FD081B9C17BC935400336EDA /* GTLRosetaskTaskProtoIdTextTaskListIdDetailsCompleteAssignedToEmail.m */; };
		FD081BAF17BC935400336EDA /* GTLRosetaskTaskUser.m in Sources */ = {isa = PBXBuildFile; fileRef = FD081B9E17BC935400336EDA /* GTLRosetaskTaskUser.m */; };
		FD081BB017BC935400336EDA /* GTLRosetaskTaskUserProtoLowercaseEmailPreferredNameGooglePlusId.m in Sources */ = {isa = PBXBuildFile; fileRef = FD081BA017BC935400336EDA /* GTLRosetaskTaskUserProtoLowercaseEmailPreferredNameGooglePlusId.m */; };
		FD081BB117BC935400336EDA /* GTLServiceRosetask.m in Sources */ = {isa = PBXBuildFile; fileRef = FD081BA217BC935400336EDA /* GTLServiceRosetask.m */; };
		FD081BC317BC9A2B00336EDA /* TaskUser.m in Sources */ = {isa = PBXBuildFile; fileRef = FD081BC217BC9A2B00336EDA /* TaskUser.m */; };
		FD081BC617BC9A2C00336EDA /* DeleteTransaction.m in Sources */ = {isa = PBXBuildFile; fileRef = FD081BC517BC9A2C00336EDA /* DeleteTransaction.m */; };
		FD081BC917BC9A2C00336EDA /* Task.m in Sources */ = {isa = PBXBuildFile; fileRef = FD081BC817BC9A2C00336EDA /* Task.m */; };
		FD081BCC17BC9A2C00336EDA /* TaskList.m in Sources */ = {isa = PBXBuildFile; fileRef = FD081BCB17BC9A2C00336EDA /* TaskList.m */; };
		FD292E3D17B5F3A800BB9EBE /* RHLoginViewController.m in Sources */ = {isa = PBXBuildFile; fileRef = FD292E3C17B5F3A800BB9EBE /* RHLoginViewController.m */; };
		FD292E4017B8816400BB9EBE /* RHTaskDetailViewController.m in Sources */ = {isa = PBXBuildFile; fileRef = FD292E3F17B8816400BB9EBE /* RHTaskDetailViewController.m */; };
		FD292E4917B94D8600BB9EBE /* RHTaskListTitleCell.m in Sources */ = {isa = PBXBuildFile; fileRef = FD292E4817B94D8500BB9EBE /* RHTaskListTitleCell.m */; };
		FD82D7CB17B421BB00529133 /* GTLObject.m in Sources */ = {isa = PBXBuildFile; fileRef = FD82D79217B421BB00529133 /* GTLObject.m */; settings = {COMPILER_FLAGS = "-fno-objc-arc"; }; };
		FD82D7CC17B421BB00529133 /* GTLQuery.m in Sources */ = {isa = PBXBuildFile; fileRef = FD82D79417B421BB00529133 /* GTLQuery.m */; settings = {COMPILER_FLAGS = "-fno-objc-arc"; }; };
		FD82D7CD17B421BB00529133 /* GTLBatchQuery.m in Sources */ = {isa = PBXBuildFile; fileRef = FD82D79617B421BB00529133 /* GTLBatchQuery.m */; settings = {COMPILER_FLAGS = "-fno-objc-arc"; }; };
		FD82D7CE17B421BB00529133 /* GTLService.m in Sources */ = {isa = PBXBuildFile; fileRef = FD82D79817B421BB00529133 /* GTLService.m */; settings = {COMPILER_FLAGS = "-fno-objc-arc"; }; };
		FD82D7CF17B421BB00529133 /* GTLBatchResult.m in Sources */ = {isa = PBXBuildFile; fileRef = FD82D79A17B421BB00529133 /* GTLBatchResult.m */; settings = {COMPILER_FLAGS = "-fno-objc-arc"; }; };
		FD82D7D017B421BB00529133 /* GTLUploadParameters.m in Sources */ = {isa = PBXBuildFile; fileRef = FD82D79C17B421BB00529133 /* GTLUploadParameters.m */; settings = {COMPILER_FLAGS = "-fno-objc-arc"; }; };
		FD82D7D117B421BB00529133 /* GTLDateTime.m in Sources */ = {isa = PBXBuildFile; fileRef = FD82D79E17B421BB00529133 /* GTLDateTime.m */; settings = {COMPILER_FLAGS = "-fno-objc-arc"; }; };
		FD82D7D217B421BB00529133 /* GTLErrorObject.m in Sources */ = {isa = PBXBuildFile; fileRef = FD82D7A017B421BB00529133 /* GTLErrorObject.m */; settings = {COMPILER_FLAGS = "-fno-objc-arc"; }; };
		FD82D7D317B421BB00529133 /* GTLRuntimeCommon.m in Sources */ = {isa = PBXBuildFile; fileRef = FD82D7A217B421BB00529133 /* GTLRuntimeCommon.m */; settings = {COMPILER_FLAGS = "-fno-objc-arc"; }; };
		FD82D7D417B421BB00529133 /* GTLFramework.m in Sources */ = {isa = PBXBuildFile; fileRef = FD82D7A417B421BB00529133 /* GTLFramework.m */; settings = {COMPILER_FLAGS = "-fno-objc-arc"; }; };
		FD82D7D517B421BB00529133 /* GTLJSONParser.m in Sources */ = {isa = PBXBuildFile; fileRef = FD82D7A617B421BB00529133 /* GTLJSONParser.m */; settings = {COMPILER_FLAGS = "-fno-objc-arc"; }; };
		FD82D7D617B421BB00529133 /* GTLUtilities.m in Sources */ = {isa = PBXBuildFile; fileRef = FD82D7A917B421BB00529133 /* GTLUtilities.m */; settings = {COMPILER_FLAGS = "-fno-objc-arc"; }; };
		FD82D7D717B421BB00529133 /* GTLBase64.m in Sources */ = {isa = PBXBuildFile; fileRef = FD82D7AB17B421BB00529133 /* GTLBase64.m */; settings = {COMPILER_FLAGS = "-fno-objc-arc"; }; };
		FD82D7D817B421BB00529133 /* GTMHTTPFetcherService.m in Sources */ = {isa = PBXBuildFile; fileRef = FD82D7AD17B421BB00529133 /* GTMHTTPFetcherService.m */; settings = {COMPILER_FLAGS = "-fno-objc-arc"; }; };
		FD82D7D917B421BB00529133 /* GTMHTTPFetcher.m in Sources */ = {isa = PBXBuildFile; fileRef = FD82D7AF17B421BB00529133 /* GTMHTTPFetcher.m */; settings = {COMPILER_FLAGS = "-fno-objc-arc"; }; };
		FD82D7DA17B421BB00529133 /* GTMHTTPFetcherLogging.m in Sources */ = {isa = PBXBuildFile; fileRef = FD82D7B117B421BB00529133 /* GTMHTTPFetcherLogging.m */; settings = {COMPILER_FLAGS = "-fno-objc-arc"; }; };
		FD82D7DB17B421BB00529133 /* GTMHTTPFetchHistory.m in Sources */ = {isa = PBXBuildFile; fileRef = FD82D7B317B421BB00529133 /* GTMHTTPFetchHistory.m */; settings = {COMPILER_FLAGS = "-fno-objc-arc"; }; };
		FD82D7DC17B421BB00529133 /* GTMHTTPUploadFetcher.m in Sources */ = {isa = PBXBuildFile; fileRef = FD82D7B517B421BB00529133 /* GTMHTTPUploadFetcher.m */; settings = {COMPILER_FLAGS = "-fno-objc-arc"; }; };
		FD82D7DD17B421BB00529133 /* GTMGatherInputStream.m in Sources */ = {isa = PBXBuildFile; fileRef = FD82D7B717B421BB00529133 /* GTMGatherInputStream.m */; settings = {COMPILER_FLAGS = "-fno-objc-arc"; }; };
		FD82D7DE17B421BB00529133 /* GTMMIMEDocument.m in Sources */ = {isa = PBXBuildFile; fileRef = FD82D7B917B421BB00529133 /* GTMMIMEDocument.m */; settings = {COMPILER_FLAGS = "-fno-objc-arc"; }; };
		FD82D7DF17B421BB00529133 /* GTMReadMonitorInputStream.m in Sources */ = {isa = PBXBuildFile; fileRef = FD82D7BB17B421BB00529133 /* GTMReadMonitorInputStream.m */; settings = {COMPILER_FLAGS = "-fno-objc-arc"; }; };
		FD82D7E017B421BB00529133 /* SBJsonBase.m in Sources */ = {isa = PBXBuildFile; fileRef = FD82D7BF17B421BB00529133 /* SBJsonBase.m */; settings = {COMPILER_FLAGS = "-fno-objc-arc"; }; };
		FD82D7E117B421BB00529133 /* SBJsonParser.m in Sources */ = {isa = PBXBuildFile; fileRef = FD82D7C117B421BB00529133 /* SBJsonParser.m */; settings = {COMPILER_FLAGS = "-fno-objc-arc"; }; };
		FD82D7E217B421BB00529133 /* SBJsonWriter.m in Sources */ = {isa = PBXBuildFile; fileRef = FD82D7C317B421BB00529133 /* SBJsonWriter.m */; settings = {COMPILER_FLAGS = "-fno-objc-arc"; }; };
		FD82D7E317B421BB00529133 /* GTMOAuth2Authentication.m in Sources */ = {isa = PBXBuildFile; fileRef = FD82D7C517B421BB00529133 /* GTMOAuth2Authentication.m */; settings = {COMPILER_FLAGS = "-fno-objc-arc"; }; };
		FD82D7E417B421BB00529133 /* GTMOAuth2SignIn.m in Sources */ = {isa = PBXBuildFile; fileRef = FD82D7C717B421BB00529133 /* GTMOAuth2SignIn.m */; settings = {COMPILER_FLAGS = "-fno-objc-arc"; }; };
		FD82D7E517B421BB00529133 /* GTMOAuth2ViewControllerTouch.m in Sources */ = {isa = PBXBuildFile; fileRef = FD82D7C917B421BB00529133 /* GTMOAuth2ViewControllerTouch.m */; settings = {COMPILER_FLAGS = "-fno-objc-arc"; }; };
		FD82D7E617B421BB00529133 /* GTMOAuth2ViewTouch.xib in Resources */ = {isa = PBXBuildFile; fileRef = FD82D7CA17B421BB00529133 /* GTMOAuth2ViewTouch.xib */; };
		FD82D81117B422CD00529133 /* Security.framework in Frameworks */ = {isa = PBXBuildFile; fileRef = FD82D81017B422CD00529133 /* Security.framework */; };
		FD82D81317B422DA00529133 /* SystemConfiguration.framework in Frameworks */ = {isa = PBXBuildFile; fileRef = FD82D81217B422DA00529133 /* SystemConfiguration.framework */; };
		FDBE74EA17BBCD370006092D /* Task+HelperUtils.m in Sources */ = {isa = PBXBuildFile; fileRef = FDBE74E917BBCD370006092D /* Task+HelperUtils.m */; };
		FDBE74ED17BBCD4E0006092D /* TaskUser+HelperUtils.m in Sources */ = {isa = PBXBuildFile; fileRef = FDBE74EC17BBCD4E0006092D /* TaskUser+HelperUtils.m */; };
		FDBE74F017BBCD670006092D /* TaskList+HelperUtils.m in Sources */ = {isa = PBXBuildFile; fileRef = FDBE74EF17BBCD670006092D /* TaskList+HelperUtils.m */; };
		FDBE74F317BBCD7B0006092D /* DeleteTransaction+HelperUtils.m in Sources */ = {isa = PBXBuildFile; fileRef = FDBE74F217BBCD7B0006092D /* DeleteTransaction+HelperUtils.m */; };
		FDBE74F717BBD3250006092D /* RHEndpointsAdapter.m in Sources */ = {isa = PBXBuildFile; fileRef = FDBE74F617BBD3250006092D /* RHEndpointsAdapter.m */; };
		FDC0FF8217B9D64300341E18 /* RHTaskListDetailViewController.m in Sources */ = {isa = PBXBuildFile; fileRef = FDC0FF8117B9D64300341E18 /* RHTaskListDetailViewController.m */; };
		FDFC23C417B41B6400AACB71 /* UIKit.framework in Frameworks */ = {isa = PBXBuildFile; fileRef = FDFC23C317B41B6400AACB71 /* UIKit.framework */; };
		FDFC23C617B41B6400AACB71 /* Foundation.framework in Frameworks */ = {isa = PBXBuildFile; fileRef = FDFC23C517B41B6400AACB71 /* Foundation.framework */; };
		FDFC23C817B41B6400AACB71 /* CoreGraphics.framework in Frameworks */ = {isa = PBXBuildFile; fileRef = FDFC23C717B41B6400AACB71 /* CoreGraphics.framework */; };
		FDFC23CA17B41B6400AACB71 /* CoreData.framework in Frameworks */ = {isa = PBXBuildFile; fileRef = FDFC23C917B41B6400AACB71 /* CoreData.framework */; };
		FDFC23D017B41B6400AACB71 /* InfoPlist.strings in Resources */ = {isa = PBXBuildFile; fileRef = FDFC23CE17B41B6400AACB71 /* InfoPlist.strings */; };
		FDFC23D217B41B6400AACB71 /* main.m in Sources */ = {isa = PBXBuildFile; fileRef = FDFC23D117B41B6400AACB71 /* main.m */; };
		FDFC23D617B41B6400AACB71 /* RHAppDelegate.m in Sources */ = {isa = PBXBuildFile; fileRef = FDFC23D517B41B6400AACB71 /* RHAppDelegate.m */; };
		FDFC23D817B41B6400AACB71 /* Default.png in Resources */ = {isa = PBXBuildFile; fileRef = FDFC23D717B41B6400AACB71 /* Default.png */; };
		FDFC23DA17B41B6400AACB71 /* Default@2x.png in Resources */ = {isa = PBXBuildFile; fileRef = FDFC23D917B41B6400AACB71 /* Default@2x.png */; };
		FDFC23DC17B41B6400AACB71 /* Default-568h@2x.png in Resources */ = {isa = PBXBuildFile; fileRef = FDFC23DB17B41B6400AACB71 /* Default-568h@2x.png */; };
		FDFC23DF17B41B6400AACB71 /* Rose_Task.xcdatamodeld in Sources */ = {isa = PBXBuildFile; fileRef = FDFC23DD17B41B6400AACB71 /* Rose_Task.xcdatamodeld */; };
		FDFC23E617B41B7C00AACB71 /* iPhoneStoryboard.storyboard in Resources */ = {isa = PBXBuildFile; fileRef = FDFC23E517B41B7C00AACB71 /* iPhoneStoryboard.storyboard */; };
		FDFC23E917B41C8A00AACB71 /* RHTaskListTableViewController.m in Sources */ = {isa = PBXBuildFile; fileRef = FDFC23E817B41C8A00AACB71 /* RHTaskListTableViewController.m */; };
		FDFC23EC17B41CC400AACB71 /* RHTaskTableViewController.m in Sources */ = {isa = PBXBuildFile; fileRef = FDFC23EB17B41CC400AACB71 /* RHTaskTableViewController.m */; };
/* End PBXBuildFile section */

/* Begin PBXFileReference section */
		FD081B8517BC935400336EDA /* GTLQueryRosetask.h */ = {isa = PBXFileReference; fileEncoding = 4; lastKnownFileType = sourcecode.c.h; path = GTLQueryRosetask.h; sourceTree = "<group>"; };
		FD081B8617BC935400336EDA /* GTLQueryRosetask.m */ = {isa = PBXFileReference; fileEncoding = 4; lastKnownFileType = sourcecode.c.objc; path = GTLQueryRosetask.m; sourceTree = "<group>"; };
		FD081B8817BC935400336EDA /* GTLRosetask.h */ = {isa = PBXFileReference; fileEncoding = 4; lastKnownFileType = sourcecode.c.h; path = GTLRosetask.h; sourceTree = "<group>"; };
		FD081B8917BC935400336EDA /* GTLRosetaskApiMessagesTaskListListResponse.h */ = {isa = PBXFileReference; fileEncoding = 4; lastKnownFileType = sourcecode.c.h; path = GTLRosetaskApiMessagesTaskListListResponse.h; sourceTree = "<group>"; };
		FD081B8A17BC935400336EDA /* GTLRosetaskApiMessagesTaskListListResponse.m */ = {isa = PBXFileReference; fileEncoding = 4; lastKnownFileType = sourcecode.c.objc; path = GTLRosetaskApiMessagesTaskListListResponse.m; sourceTree = "<group>"; };
		FD081B8B17BC935400336EDA /* GTLRosetaskApiMessagesTaskListResponseMessage.h */ = {isa = PBXFileReference; fileEncoding = 4; lastKnownFileType = sourcecode.c.h; path = GTLRosetaskApiMessagesTaskListResponseMessage.h; sourceTree = "<group>"; };
		FD081B8C17BC935400336EDA /* GTLRosetaskApiMessagesTaskListResponseMessage.m */ = {isa = PBXFileReference; fileEncoding = 4; lastKnownFileType = sourcecode.c.objc; path = GTLRosetaskApiMessagesTaskListResponseMessage.m; sourceTree = "<group>"; };
		FD081B8D17BC935400336EDA /* GTLRosetaskApiMessagesTaskResponseMessage.h */ = {isa = PBXFileReference; fileEncoding = 4; lastKnownFileType = sourcecode.c.h; path = GTLRosetaskApiMessagesTaskResponseMessage.h; sourceTree = "<group>"; };
		FD081B8E17BC935400336EDA /* GTLRosetaskApiMessagesTaskResponseMessage.m */ = {isa = PBXFileReference; fileEncoding = 4; lastKnownFileType = sourcecode.c.objc; path = GTLRosetaskApiMessagesTaskResponseMessage.m; sourceTree = "<group>"; };
		FD081B8F17BC935400336EDA /* GTLRosetaskApiMessagesTaskUserResponseMessage.h */ = {isa = PBXFileReference; fileEncoding = 4; lastKnownFileType = sourcecode.c.h; path = GTLRosetaskApiMessagesTaskUserResponseMessage.h; sourceTree = "<group>"; };
		FD081B9017BC935400336EDA /* GTLRosetaskApiMessagesTaskUserResponseMessage.m */ = {isa = PBXFileReference; fileEncoding = 4; lastKnownFileType = sourcecode.c.objc; path = GTLRosetaskApiMessagesTaskUserResponseMessage.m; sourceTree = "<group>"; };
		FD081B9117BC935400336EDA /* GTLRosetaskConstants.h */ = {isa = PBXFileReference; fileEncoding = 4; lastKnownFileType = sourcecode.c.h; path = GTLRosetaskConstants.h; sourceTree = "<group>"; };
		FD081B9217BC935400336EDA /* GTLRosetaskConstants.m */ = {isa = PBXFileReference; fileEncoding = 4; lastKnownFileType = sourcecode.c.objc; path = GTLRosetaskConstants.m; sourceTree = "<group>"; };
		FD081B9317BC935400336EDA /* GTLRosetaskTask.h */ = {isa = PBXFileReference; fileEncoding = 4; lastKnownFileType = sourcecode.c.h; path = GTLRosetaskTask.h; sourceTree = "<group>"; };
		FD081B9417BC935400336EDA /* GTLRosetaskTask.m */ = {isa = PBXFileReference; fileEncoding = 4; lastKnownFileType = sourcecode.c.objc; path = GTLRosetaskTask.m; sourceTree = "<group>"; };
		FD081B9517BC935400336EDA /* GTLRosetaskTaskCollection.h */ = {isa = PBXFileReference; fileEncoding = 4; lastKnownFileType = sourcecode.c.h; path = GTLRosetaskTaskCollection.h; sourceTree = "<group>"; };
		FD081B9617BC935400336EDA /* GTLRosetaskTaskCollection.m */ = {isa = PBXFileReference; fileEncoding = 4; lastKnownFileType = sourcecode.c.objc; path = GTLRosetaskTaskCollection.m; sourceTree = "<group>"; };
		FD081B9717BC935400336EDA /* GTLRosetaskTaskList.h */ = {isa = PBXFileReference; fileEncoding = 4; lastKnownFileType = sourcecode.c.h; path = GTLRosetaskTaskList.h; sourceTree = "<group>"; };
		FD081B9817BC935400336EDA /* GTLRosetaskTaskList.m */ = {isa = PBXFileReference; fileEncoding = 4; lastKnownFileType = sourcecode.c.objc; path = GTLRosetaskTaskList.m; sourceTree = "<group>"; };
		FD081B9917BC935400336EDA /* GTLRosetaskTaskListProtoIdTitleTaskUserEmails.h */ = {isa = PBXFileReference; fileEncoding = 4; lastKnownFileType = sourcecode.c.h; path = GTLRosetaskTaskListProtoIdTitleTaskUserEmails.h; sourceTree = "<group>"; };
		FD081B9A17BC935400336EDA /* GTLRosetaskTaskListProtoIdTitleTaskUserEmails.m */ = {isa = PBXFileReference; fileEncoding = 4; lastKnownFileType = sourcecode.c.objc; path = GTLRosetaskTaskListProtoIdTitleTaskUserEmails.m; sourceTree = "<group>"; };
		FD081B9B17BC935400336EDA /* GTLRosetaskTaskProtoIdTextTaskListIdDetailsCompleteAssignedToEmail.h */ = {isa = PBXFileReference; fileEncoding = 4; lastKnownFileType = sourcecode.c.h; path = GTLRosetaskTaskProtoIdTextTaskListIdDetailsCompleteAssignedToEmail.h; sourceTree = "<group>"; };
		FD081B9C17BC935400336EDA /* GTLRosetaskTaskProtoIdTextTaskListIdDetailsCompleteAssignedToEmail.m */ = {isa = PBXFileReference; fileEncoding = 4; lastKnownFileType = sourcecode.c.objc; path = GTLRosetaskTaskProtoIdTextTaskListIdDetailsCompleteAssignedToEmail.m; sourceTree = "<group>"; };
		FD081B9D17BC935400336EDA /* GTLRosetaskTaskUser.h */ = {isa = PBXFileReference; fileEncoding = 4; lastKnownFileType = sourcecode.c.h; path = GTLRosetaskTaskUser.h; sourceTree = "<group>"; };
		FD081B9E17BC935400336EDA /* GTLRosetaskTaskUser.m */ = {isa = PBXFileReference; fileEncoding = 4; lastKnownFileType = sourcecode.c.objc; path = GTLRosetaskTaskUser.m; sourceTree = "<group>"; };
		FD081B9F17BC935400336EDA /* GTLRosetaskTaskUserProtoLowercaseEmailPreferredNameGooglePlusId.h */ = {isa = PBXFileReference; fileEncoding = 4; lastKnownFileType = sourcecode.c.h; path = GTLRosetaskTaskUserProtoLowercaseEmailPreferredNameGooglePlusId.h; sourceTree = "<group>"; };
		FD081BA017BC935400336EDA /* GTLRosetaskTaskUserProtoLowercaseEmailPreferredNameGooglePlusId.m */ = {isa = PBXFileReference; fileEncoding = 4; lastKnownFileType = sourcecode.c.objc; path = GTLRosetaskTaskUserProtoLowercaseEmailPreferredNameGooglePlusId.m; sourceTree = "<group>"; };
		FD081BA117BC935400336EDA /* GTLServiceRosetask.h */ = {isa = PBXFileReference; fileEncoding = 4; lastKnownFileType = sourcecode.c.h; path = GTLServiceRosetask.h; sourceTree = "<group>"; };
		FD081BA217BC935400336EDA /* GTLServiceRosetask.m */ = {isa = PBXFileReference; fileEncoding = 4; lastKnownFileType = sourcecode.c.objc; path = GTLServiceRosetask.m; sourceTree = "<group>"; };
		FD081BC117BC9A2B00336EDA /* TaskUser.h */ = {isa = PBXFileReference; fileEncoding = 4; lastKnownFileType = sourcecode.c.h; path = TaskUser.h; sourceTree = "<group>"; };
		FD081BC217BC9A2B00336EDA /* TaskUser.m */ = {isa = PBXFileReference; fileEncoding = 4; lastKnownFileType = sourcecode.c.objc; path = TaskUser.m; sourceTree = "<group>"; };
		FD081BC417BC9A2B00336EDA /* DeleteTransaction.h */ = {isa = PBXFileReference; fileEncoding = 4; lastKnownFileType = sourcecode.c.h; path = DeleteTransaction.h; sourceTree = "<group>"; };
		FD081BC517BC9A2C00336EDA /* DeleteTransaction.m */ = {isa = PBXFileReference; fileEncoding = 4; lastKnownFileType = sourcecode.c.objc; path = DeleteTransaction.m; sourceTree = "<group>"; };
		FD081BC717BC9A2C00336EDA /* Task.h */ = {isa = PBXFileReference; fileEncoding = 4; lastKnownFileType = sourcecode.c.h; path = Task.h; sourceTree = "<group>"; };
		FD081BC817BC9A2C00336EDA /* Task.m */ = {isa = PBXFileReference; fileEncoding = 4; lastKnownFileType = sourcecode.c.objc; path = Task.m; sourceTree = "<group>"; };
		FD081BCA17BC9A2C00336EDA /* TaskList.h */ = {isa = PBXFileReference; fileEncoding = 4; lastKnownFileType = sourcecode.c.h; path = TaskList.h; sourceTree = "<group>"; };
		FD081BCB17BC9A2C00336EDA /* TaskList.m */ = {isa = PBXFileReference; fileEncoding = 4; lastKnownFileType = sourcecode.c.objc; path = TaskList.m; sourceTree = "<group>"; };
		FD292E3B17B5F3A800BB9EBE /* RHLoginViewController.h */ = {isa = PBXFileReference; fileEncoding = 4; lastKnownFileType = sourcecode.c.h; path = RHLoginViewController.h; sourceTree = "<group>"; };
		FD292E3C17B5F3A800BB9EBE /* RHLoginViewController.m */ = {isa = PBXFileReference; fileEncoding = 4; lastKnownFileType = sourcecode.c.objc; path = RHLoginViewController.m; sourceTree = "<group>"; };
		FD292E3E17B8816400BB9EBE /* RHTaskDetailViewController.h */ = {isa = PBXFileReference; fileEncoding = 4; lastKnownFileType = sourcecode.c.h; path = RHTaskDetailViewController.h; sourceTree = "<group>"; };
		FD292E3F17B8816400BB9EBE /* RHTaskDetailViewController.m */ = {isa = PBXFileReference; fileEncoding = 4; lastKnownFileType = sourcecode.c.objc; path = RHTaskDetailViewController.m; sourceTree = "<group>"; };
		FD292E4717B94D8500BB9EBE /* RHTaskListTitleCell.h */ = {isa = PBXFileReference; fileEncoding = 4; lastKnownFileType = sourcecode.c.h; path = RHTaskListTitleCell.h; sourceTree = "<group>"; };
		FD292E4817B94D8500BB9EBE /* RHTaskListTitleCell.m */ = {isa = PBXFileReference; fileEncoding = 4; lastKnownFileType = sourcecode.c.objc; path = RHTaskListTitleCell.m; sourceTree = "<group>"; };
		FD82D79017B421BB00529133 /* GTLDefines.h */ = {isa = PBXFileReference; fileEncoding = 4; lastKnownFileType = sourcecode.c.h; path = GTLDefines.h; sourceTree = "<group>"; };
		FD82D79117B421BB00529133 /* GTLObject.h */ = {isa = PBXFileReference; fileEncoding = 4; lastKnownFileType = sourcecode.c.h; path = GTLObject.h; sourceTree = "<group>"; };
		FD82D79217B421BB00529133 /* GTLObject.m */ = {isa = PBXFileReference; fileEncoding = 4; lastKnownFileType = sourcecode.c.objc; path = GTLObject.m; sourceTree = "<group>"; };
		FD82D79317B421BB00529133 /* GTLQuery.h */ = {isa = PBXFileReference; fileEncoding = 4; lastKnownFileType = sourcecode.c.h; path = GTLQuery.h; sourceTree = "<group>"; };
		FD82D79417B421BB00529133 /* GTLQuery.m */ = {isa = PBXFileReference; fileEncoding = 4; lastKnownFileType = sourcecode.c.objc; path = GTLQuery.m; sourceTree = "<group>"; };
		FD82D79517B421BB00529133 /* GTLBatchQuery.h */ = {isa = PBXFileReference; fileEncoding = 4; lastKnownFileType = sourcecode.c.h; path = GTLBatchQuery.h; sourceTree = "<group>"; };
		FD82D79617B421BB00529133 /* GTLBatchQuery.m */ = {isa = PBXFileReference; fileEncoding = 4; lastKnownFileType = sourcecode.c.objc; path = GTLBatchQuery.m; sourceTree = "<group>"; };
		FD82D79717B421BB00529133 /* GTLService.h */ = {isa = PBXFileReference; fileEncoding = 4; lastKnownFileType = sourcecode.c.h; path = GTLService.h; sourceTree = "<group>"; };
		FD82D79817B421BB00529133 /* GTLService.m */ = {isa = PBXFileReference; fileEncoding = 4; lastKnownFileType = sourcecode.c.objc; path = GTLService.m; sourceTree = "<group>"; };
		FD82D79917B421BB00529133 /* GTLBatchResult.h */ = {isa = PBXFileReference; fileEncoding = 4; lastKnownFileType = sourcecode.c.h; path = GTLBatchResult.h; sourceTree = "<group>"; };
		FD82D79A17B421BB00529133 /* GTLBatchResult.m */ = {isa = PBXFileReference; fileEncoding = 4; lastKnownFileType = sourcecode.c.objc; path = GTLBatchResult.m; sourceTree = "<group>"; };
		FD82D79B17B421BB00529133 /* GTLUploadParameters.h */ = {isa = PBXFileReference; fileEncoding = 4; lastKnownFileType = sourcecode.c.h; path = GTLUploadParameters.h; sourceTree = "<group>"; };
		FD82D79C17B421BB00529133 /* GTLUploadParameters.m */ = {isa = PBXFileReference; fileEncoding = 4; lastKnownFileType = sourcecode.c.objc; path = GTLUploadParameters.m; sourceTree = "<group>"; };
		FD82D79D17B421BB00529133 /* GTLDateTime.h */ = {isa = PBXFileReference; fileEncoding = 4; lastKnownFileType = sourcecode.c.h; path = GTLDateTime.h; sourceTree = "<group>"; };
		FD82D79E17B421BB00529133 /* GTLDateTime.m */ = {isa = PBXFileReference; fileEncoding = 4; lastKnownFileType = sourcecode.c.objc; path = GTLDateTime.m; sourceTree = "<group>"; };
		FD82D79F17B421BB00529133 /* GTLErrorObject.h */ = {isa = PBXFileReference; fileEncoding = 4; lastKnownFileType = sourcecode.c.h; path = GTLErrorObject.h; sourceTree = "<group>"; };
		FD82D7A017B421BB00529133 /* GTLErrorObject.m */ = {isa = PBXFileReference; fileEncoding = 4; lastKnownFileType = sourcecode.c.objc; path = GTLErrorObject.m; sourceTree = "<group>"; };
		FD82D7A117B421BB00529133 /* GTLRuntimeCommon.h */ = {isa = PBXFileReference; fileEncoding = 4; lastKnownFileType = sourcecode.c.h; path = GTLRuntimeCommon.h; sourceTree = "<group>"; };
		FD82D7A217B421BB00529133 /* GTLRuntimeCommon.m */ = {isa = PBXFileReference; fileEncoding = 4; lastKnownFileType = sourcecode.c.objc; path = GTLRuntimeCommon.m; sourceTree = "<group>"; };
		FD82D7A317B421BB00529133 /* GTLFramework.h */ = {isa = PBXFileReference; fileEncoding = 4; lastKnownFileType = sourcecode.c.h; path = GTLFramework.h; sourceTree = "<group>"; };
		FD82D7A417B421BB00529133 /* GTLFramework.m */ = {isa = PBXFileReference; fileEncoding = 4; lastKnownFileType = sourcecode.c.objc; path = GTLFramework.m; sourceTree = "<group>"; };
		FD82D7A517B421BB00529133 /* GTLJSONParser.h */ = {isa = PBXFileReference; fileEncoding = 4; lastKnownFileType = sourcecode.c.h; path = GTLJSONParser.h; sourceTree = "<group>"; };
		FD82D7A617B421BB00529133 /* GTLJSONParser.m */ = {isa = PBXFileReference; fileEncoding = 4; lastKnownFileType = sourcecode.c.objc; path = GTLJSONParser.m; sourceTree = "<group>"; };
		FD82D7A717B421BB00529133 /* GTLTargetNamespace.h */ = {isa = PBXFileReference; fileEncoding = 4; lastKnownFileType = sourcecode.c.h; path = GTLTargetNamespace.h; sourceTree = "<group>"; };
		FD82D7A817B421BB00529133 /* GTLUtilities.h */ = {isa = PBXFileReference; fileEncoding = 4; lastKnownFileType = sourcecode.c.h; path = GTLUtilities.h; sourceTree = "<group>"; };
		FD82D7A917B421BB00529133 /* GTLUtilities.m */ = {isa = PBXFileReference; fileEncoding = 4; lastKnownFileType = sourcecode.c.objc; path = GTLUtilities.m; sourceTree = "<group>"; };
		FD82D7AA17B421BB00529133 /* GTLBase64.h */ = {isa = PBXFileReference; fileEncoding = 4; lastKnownFileType = sourcecode.c.h; path = GTLBase64.h; sourceTree = "<group>"; };
		FD82D7AB17B421BB00529133 /* GTLBase64.m */ = {isa = PBXFileReference; fileEncoding = 4; lastKnownFileType = sourcecode.c.objc; path = GTLBase64.m; sourceTree = "<group>"; };
		FD82D7AC17B421BB00529133 /* GTMHTTPFetcherService.h */ = {isa = PBXFileReference; fileEncoding = 4; lastKnownFileType = sourcecode.c.h; path = GTMHTTPFetcherService.h; sourceTree = "<group>"; };
		FD82D7AD17B421BB00529133 /* GTMHTTPFetcherService.m */ = {isa = PBXFileReference; fileEncoding = 4; lastKnownFileType = sourcecode.c.objc; path = GTMHTTPFetcherService.m; sourceTree = "<group>"; };
		FD82D7AE17B421BB00529133 /* GTMHTTPFetcher.h */ = {isa = PBXFileReference; fileEncoding = 4; lastKnownFileType = sourcecode.c.h; path = GTMHTTPFetcher.h; sourceTree = "<group>"; };
		FD82D7AF17B421BB00529133 /* GTMHTTPFetcher.m */ = {isa = PBXFileReference; fileEncoding = 4; lastKnownFileType = sourcecode.c.objc; path = GTMHTTPFetcher.m; sourceTree = "<group>"; };
		FD82D7B017B421BB00529133 /* GTMHTTPFetcherLogging.h */ = {isa = PBXFileReference; fileEncoding = 4; lastKnownFileType = sourcecode.c.h; path = GTMHTTPFetcherLogging.h; sourceTree = "<group>"; };
		FD82D7B117B421BB00529133 /* GTMHTTPFetcherLogging.m */ = {isa = PBXFileReference; fileEncoding = 4; lastKnownFileType = sourcecode.c.objc; path = GTMHTTPFetcherLogging.m; sourceTree = "<group>"; };
		FD82D7B217B421BB00529133 /* GTMHTTPFetchHistory.h */ = {isa = PBXFileReference; fileEncoding = 4; lastKnownFileType = sourcecode.c.h; path = GTMHTTPFetchHistory.h; sourceTree = "<group>"; };
		FD82D7B317B421BB00529133 /* GTMHTTPFetchHistory.m */ = {isa = PBXFileReference; fileEncoding = 4; lastKnownFileType = sourcecode.c.objc; path = GTMHTTPFetchHistory.m; sourceTree = "<group>"; };
		FD82D7B417B421BB00529133 /* GTMHTTPUploadFetcher.h */ = {isa = PBXFileReference; fileEncoding = 4; lastKnownFileType = sourcecode.c.h; path = GTMHTTPUploadFetcher.h; sourceTree = "<group>"; };
		FD82D7B517B421BB00529133 /* GTMHTTPUploadFetcher.m */ = {isa = PBXFileReference; fileEncoding = 4; lastKnownFileType = sourcecode.c.objc; path = GTMHTTPUploadFetcher.m; sourceTree = "<group>"; };
		FD82D7B617B421BB00529133 /* GTMGatherInputStream.h */ = {isa = PBXFileReference; fileEncoding = 4; lastKnownFileType = sourcecode.c.h; path = GTMGatherInputStream.h; sourceTree = "<group>"; };
		FD82D7B717B421BB00529133 /* GTMGatherInputStream.m */ = {isa = PBXFileReference; fileEncoding = 4; lastKnownFileType = sourcecode.c.objc; path = GTMGatherInputStream.m; sourceTree = "<group>"; };
		FD82D7B817B421BB00529133 /* GTMMIMEDocument.h */ = {isa = PBXFileReference; fileEncoding = 4; lastKnownFileType = sourcecode.c.h; path = GTMMIMEDocument.h; sourceTree = "<group>"; };
		FD82D7B917B421BB00529133 /* GTMMIMEDocument.m */ = {isa = PBXFileReference; fileEncoding = 4; lastKnownFileType = sourcecode.c.objc; path = GTMMIMEDocument.m; sourceTree = "<group>"; };
		FD82D7BA17B421BB00529133 /* GTMReadMonitorInputStream.h */ = {isa = PBXFileReference; fileEncoding = 4; lastKnownFileType = sourcecode.c.h; path = GTMReadMonitorInputStream.h; sourceTree = "<group>"; };
		FD82D7BB17B421BB00529133 /* GTMReadMonitorInputStream.m */ = {isa = PBXFileReference; fileEncoding = 4; lastKnownFileType = sourcecode.c.objc; path = GTMReadMonitorInputStream.m; sourceTree = "<group>"; };
		FD82D7BC17B421BB00529133 /* JSON.h */ = {isa = PBXFileReference; fileEncoding = 4; lastKnownFileType = sourcecode.c.h; path = JSON.h; sourceTree = "<group>"; };
		FD82D7BD17B421BB00529133 /* JSON.h */ = {isa = PBXFileReference; fileEncoding = 4; lastKnownFileType = sourcecode.c.h; path = JSON.h; sourceTree = "<group>"; };
		FD82D7BE17B421BB00529133 /* SBJsonBase.h */ = {isa = PBXFileReference; fileEncoding = 4; lastKnownFileType = sourcecode.c.h; path = SBJsonBase.h; sourceTree = "<group>"; };
		FD82D7BF17B421BB00529133 /* SBJsonBase.m */ = {isa = PBXFileReference; fileEncoding = 4; lastKnownFileType = sourcecode.c.objc; path = SBJsonBase.m; sourceTree = "<group>"; };
		FD82D7C017B421BB00529133 /* SBJsonParser.h */ = {isa = PBXFileReference; fileEncoding = 4; lastKnownFileType = sourcecode.c.h; path = SBJsonParser.h; sourceTree = "<group>"; };
		FD82D7C117B421BB00529133 /* SBJsonParser.m */ = {isa = PBXFileReference; fileEncoding = 4; lastKnownFileType = sourcecode.c.objc; path = SBJsonParser.m; sourceTree = "<group>"; };
		FD82D7C217B421BB00529133 /* SBJsonWriter.h */ = {isa = PBXFileReference; fileEncoding = 4; lastKnownFileType = sourcecode.c.h; path = SBJsonWriter.h; sourceTree = "<group>"; };
		FD82D7C317B421BB00529133 /* SBJsonWriter.m */ = {isa = PBXFileReference; fileEncoding = 4; lastKnownFileType = sourcecode.c.objc; path = SBJsonWriter.m; sourceTree = "<group>"; };
		FD82D7C417B421BB00529133 /* GTMOAuth2Authentication.h */ = {isa = PBXFileReference; fileEncoding = 4; lastKnownFileType = sourcecode.c.h; path = GTMOAuth2Authentication.h; sourceTree = "<group>"; };
		FD82D7C517B421BB00529133 /* GTMOAuth2Authentication.m */ = {isa = PBXFileReference; fileEncoding = 4; lastKnownFileType = sourcecode.c.objc; path = GTMOAuth2Authentication.m; sourceTree = "<group>"; };
		FD82D7C617B421BB00529133 /* GTMOAuth2SignIn.h */ = {isa = PBXFileReference; fileEncoding = 4; lastKnownFileType = sourcecode.c.h; path = GTMOAuth2SignIn.h; sourceTree = "<group>"; };
		FD82D7C717B421BB00529133 /* GTMOAuth2SignIn.m */ = {isa = PBXFileReference; fileEncoding = 4; lastKnownFileType = sourcecode.c.objc; path = GTMOAuth2SignIn.m; sourceTree = "<group>"; };
		FD82D7C817B421BB00529133 /* GTMOAuth2ViewControllerTouch.h */ = {isa = PBXFileReference; fileEncoding = 4; lastKnownFileType = sourcecode.c.h; path = GTMOAuth2ViewControllerTouch.h; sourceTree = "<group>"; };
		FD82D7C917B421BB00529133 /* GTMOAuth2ViewControllerTouch.m */ = {isa = PBXFileReference; fileEncoding = 4; lastKnownFileType = sourcecode.c.objc; path = GTMOAuth2ViewControllerTouch.m; sourceTree = "<group>"; };
		FD82D7CA17B421BB00529133 /* GTMOAuth2ViewTouch.xib */ = {isa = PBXFileReference; fileEncoding = 4; lastKnownFileType = file.xib; path = GTMOAuth2ViewTouch.xib; sourceTree = "<group>"; };
		FD82D81017B422CD00529133 /* Security.framework */ = {isa = PBXFileReference; lastKnownFileType = wrapper.framework; name = Security.framework; path = System/Library/Frameworks/Security.framework; sourceTree = SDKROOT; };
		FD82D81217B422DA00529133 /* SystemConfiguration.framework */ = {isa = PBXFileReference; lastKnownFileType = wrapper.framework; name = SystemConfiguration.framework; path = System/Library/Frameworks/SystemConfiguration.framework; sourceTree = SDKROOT; };
		FDBE74E817BBCD370006092D /* Task+HelperUtils.h */ = {isa = PBXFileReference; fileEncoding = 4; lastKnownFileType = sourcecode.c.h; path = "Task+HelperUtils.h"; sourceTree = "<group>"; };
		FDBE74E917BBCD370006092D /* Task+HelperUtils.m */ = {isa = PBXFileReference; fileEncoding = 4; lastKnownFileType = sourcecode.c.objc; path = "Task+HelperUtils.m"; sourceTree = "<group>"; };
		FDBE74EB17BBCD4E0006092D /* TaskUser+HelperUtils.h */ = {isa = PBXFileReference; fileEncoding = 4; lastKnownFileType = sourcecode.c.h; path = "TaskUser+HelperUtils.h"; sourceTree = "<group>"; };
		FDBE74EC17BBCD4E0006092D /* TaskUser+HelperUtils.m */ = {isa = PBXFileReference; fileEncoding = 4; lastKnownFileType = sourcecode.c.objc; path = "TaskUser+HelperUtils.m"; sourceTree = "<group>"; };
		FDBE74EE17BBCD670006092D /* TaskList+HelperUtils.h */ = {isa = PBXFileReference; fileEncoding = 4; lastKnownFileType = sourcecode.c.h; path = "TaskList+HelperUtils.h"; sourceTree = "<group>"; };
		FDBE74EF17BBCD670006092D /* TaskList+HelperUtils.m */ = {isa = PBXFileReference; fileEncoding = 4; lastKnownFileType = sourcecode.c.objc; path = "TaskList+HelperUtils.m"; sourceTree = "<group>"; };
		FDBE74F117BBCD7B0006092D /* DeleteTransaction+HelperUtils.h */ = {isa = PBXFileReference; fileEncoding = 4; lastKnownFileType = sourcecode.c.h; path = "DeleteTransaction+HelperUtils.h"; sourceTree = "<group>"; };
		FDBE74F217BBCD7B0006092D /* DeleteTransaction+HelperUtils.m */ = {isa = PBXFileReference; fileEncoding = 4; lastKnownFileType = sourcecode.c.objc; path = "DeleteTransaction+HelperUtils.m"; sourceTree = "<group>"; };
		FDBE74F517BBD3250006092D /* RHEndpointsAdapter.h */ = {isa = PBXFileReference; fileEncoding = 4; lastKnownFileType = sourcecode.c.h; path = RHEndpointsAdapter.h; sourceTree = "<group>"; };
		FDBE74F617BBD3250006092D /* RHEndpointsAdapter.m */ = {isa = PBXFileReference; fileEncoding = 4; lastKnownFileType = sourcecode.c.objc; path = RHEndpointsAdapter.m; sourceTree = "<group>"; };
		FDC0FF8017B9D64300341E18 /* RHTaskListDetailViewController.h */ = {isa = PBXFileReference; fileEncoding = 4; lastKnownFileType = sourcecode.c.h; path = RHTaskListDetailViewController.h; sourceTree = "<group>"; };
		FDC0FF8117B9D64300341E18 /* RHTaskListDetailViewController.m */ = {isa = PBXFileReference; fileEncoding = 4; lastKnownFileType = sourcecode.c.objc; path = RHTaskListDetailViewController.m; sourceTree = "<group>"; };
		FDFC23C017B41B6400AACB71 /* Rose-Task.app */ = {isa = PBXFileReference; explicitFileType = wrapper.application; includeInIndex = 0; path = "Rose-Task.app"; sourceTree = BUILT_PRODUCTS_DIR; };
		FDFC23C317B41B6400AACB71 /* UIKit.framework */ = {isa = PBXFileReference; lastKnownFileType = wrapper.framework; name = UIKit.framework; path = System/Library/Frameworks/UIKit.framework; sourceTree = SDKROOT; };
		FDFC23C517B41B6400AACB71 /* Foundation.framework */ = {isa = PBXFileReference; lastKnownFileType = wrapper.framework; name = Foundation.framework; path = System/Library/Frameworks/Foundation.framework; sourceTree = SDKROOT; };
		FDFC23C717B41B6400AACB71 /* CoreGraphics.framework */ = {isa = PBXFileReference; lastKnownFileType = wrapper.framework; name = CoreGraphics.framework; path = System/Library/Frameworks/CoreGraphics.framework; sourceTree = SDKROOT; };
		FDFC23C917B41B6400AACB71 /* CoreData.framework */ = {isa = PBXFileReference; lastKnownFileType = wrapper.framework; name = CoreData.framework; path = System/Library/Frameworks/CoreData.framework; sourceTree = SDKROOT; };
		FDFC23CD17B41B6400AACB71 /* Rose-Task-Info.plist */ = {isa = PBXFileReference; lastKnownFileType = text.plist.xml; path = "Rose-Task-Info.plist"; sourceTree = "<group>"; };
		FDFC23CF17B41B6400AACB71 /* en */ = {isa = PBXFileReference; lastKnownFileType = text.plist.strings; name = en; path = en.lproj/InfoPlist.strings; sourceTree = "<group>"; };
		FDFC23D117B41B6400AACB71 /* main.m */ = {isa = PBXFileReference; lastKnownFileType = sourcecode.c.objc; path = main.m; sourceTree = "<group>"; };
		FDFC23D317B41B6400AACB71 /* Rose-Task-Prefix.pch */ = {isa = PBXFileReference; lastKnownFileType = sourcecode.c.h; path = "Rose-Task-Prefix.pch"; sourceTree = "<group>"; };
		FDFC23D417B41B6400AACB71 /* RHAppDelegate.h */ = {isa = PBXFileReference; lastKnownFileType = sourcecode.c.h; path = RHAppDelegate.h; sourceTree = "<group>"; };
		FDFC23D517B41B6400AACB71 /* RHAppDelegate.m */ = {isa = PBXFileReference; lastKnownFileType = sourcecode.c.objc; path = RHAppDelegate.m; sourceTree = "<group>"; };
		FDFC23D717B41B6400AACB71 /* Default.png */ = {isa = PBXFileReference; lastKnownFileType = image.png; path = Default.png; sourceTree = "<group>"; };
		FDFC23D917B41B6400AACB71 /* Default@2x.png */ = {isa = PBXFileReference; lastKnownFileType = image.png; path = "Default@2x.png"; sourceTree = "<group>"; };
		FDFC23DB17B41B6400AACB71 /* Default-568h@2x.png */ = {isa = PBXFileReference; lastKnownFileType = image.png; path = "Default-568h@2x.png"; sourceTree = "<group>"; };
		FDFC23DE17B41B6400AACB71 /* Rose_Task.xcdatamodel */ = {isa = PBXFileReference; lastKnownFileType = wrapper.xcdatamodel; path = Rose_Task.xcdatamodel; sourceTree = "<group>"; };
		FDFC23E517B41B7C00AACB71 /* iPhoneStoryboard.storyboard */ = {isa = PBXFileReference; fileEncoding = 4; lastKnownFileType = file.storyboard; path = iPhoneStoryboard.storyboard; sourceTree = "<group>"; };
		FDFC23E717B41C8A00AACB71 /* RHTaskListTableViewController.h */ = {isa = PBXFileReference; fileEncoding = 4; lastKnownFileType = sourcecode.c.h; path = RHTaskListTableViewController.h; sourceTree = "<group>"; };
		FDFC23E817B41C8A00AACB71 /* RHTaskListTableViewController.m */ = {isa = PBXFileReference; fileEncoding = 4; lastKnownFileType = sourcecode.c.objc; path = RHTaskListTableViewController.m; sourceTree = "<group>"; };
		FDFC23EA17B41CC400AACB71 /* RHTaskTableViewController.h */ = {isa = PBXFileReference; fileEncoding = 4; lastKnownFileType = sourcecode.c.h; path = RHTaskTableViewController.h; sourceTree = "<group>"; };
		FDFC23EB17B41CC400AACB71 /* RHTaskTableViewController.m */ = {isa = PBXFileReference; fileEncoding = 4; lastKnownFileType = sourcecode.c.objc; path = RHTaskTableViewController.m; sourceTree = "<group>"; };
/* End PBXFileReference section */

/* Begin PBXFrameworksBuildPhase section */
		FDFC23BD17B41B6300AACB71 /* Frameworks */ = {
			isa = PBXFrameworksBuildPhase;
			buildActionMask = 2147483647;
			files = (
				FD82D81317B422DA00529133 /* SystemConfiguration.framework in Frameworks */,
				FD82D81117B422CD00529133 /* Security.framework in Frameworks */,
				FDFC23C417B41B6400AACB71 /* UIKit.framework in Frameworks */,
				FDFC23C617B41B6400AACB71 /* Foundation.framework in Frameworks */,
				FDFC23C817B41B6400AACB71 /* CoreGraphics.framework in Frameworks */,
				FDFC23CA17B41B6400AACB71 /* CoreData.framework in Frameworks */,
			);
			runOnlyForDeploymentPostprocessing = 0;
		};
/* End PBXFrameworksBuildPhase section */

/* Begin PBXGroup section */
		FD292E4A17B94DEE00BB9EBE /* DisplayTableViewControllers */ = {
			isa = PBXGroup;
			children = (
				FDFC23EA17B41CC400AACB71 /* RHTaskTableViewController.h */,
				FDFC23EB17B41CC400AACB71 /* RHTaskTableViewController.m */,
				FDFC23E717B41C8A00AACB71 /* RHTaskListTableViewController.h */,
				FDFC23E817B41C8A00AACB71 /* RHTaskListTableViewController.m */,
			);
			name = DisplayTableViewControllers;
			sourceTree = "<group>";
		};
		FD292E4B17B94E2200BB9EBE /* DetailViewControllers */ = {
			isa = PBXGroup;
			children = (
				FDC0FF8017B9D64300341E18 /* RHTaskListDetailViewController.h */,
				FDC0FF8117B9D64300341E18 /* RHTaskListDetailViewController.m */,
				FD292E3E17B8816400BB9EBE /* RHTaskDetailViewController.h */,
				FD292E3F17B8816400BB9EBE /* RHTaskDetailViewController.m */,
			);
			name = DetailViewControllers;
			sourceTree = "<group>";
		};
		FD292E4C17B94E4000BB9EBE /* TableViewCells */ = {
			isa = PBXGroup;
			children = (
				FD292E4717B94D8500BB9EBE /* RHTaskListTitleCell.h */,
				FD292E4817B94D8500BB9EBE /* RHTaskListTitleCell.m */,
			);
			name = TableViewCells;
			sourceTree = "<group>";
		};
		FD82D7E717B421D300529133 /* Client LIbrary */ = {
			isa = PBXGroup;
			children = (
				FD82D79017B421BB00529133 /* GTLDefines.h */,
				FD82D79117B421BB00529133 /* GTLObject.h */,
				FD82D79217B421BB00529133 /* GTLObject.m */,
				FD82D79317B421BB00529133 /* GTLQuery.h */,
				FD82D79417B421BB00529133 /* GTLQuery.m */,
				FD82D79517B421BB00529133 /* GTLBatchQuery.h */,
				FD82D79617B421BB00529133 /* GTLBatchQuery.m */,
				FD82D79717B421BB00529133 /* GTLService.h */,
				FD82D79817B421BB00529133 /* GTLService.m */,
				FD82D79917B421BB00529133 /* GTLBatchResult.h */,
				FD82D79A17B421BB00529133 /* GTLBatchResult.m */,
				FD82D79B17B421BB00529133 /* GTLUploadParameters.h */,
				FD82D79C17B421BB00529133 /* GTLUploadParameters.m */,
				FD82D79D17B421BB00529133 /* GTLDateTime.h */,
				FD82D79E17B421BB00529133 /* GTLDateTime.m */,
				FD82D79F17B421BB00529133 /* GTLErrorObject.h */,
				FD82D7A017B421BB00529133 /* GTLErrorObject.m */,
				FD82D7A117B421BB00529133 /* GTLRuntimeCommon.h */,
				FD82D7A217B421BB00529133 /* GTLRuntimeCommon.m */,
				FD82D7A317B421BB00529133 /* GTLFramework.h */,
				FD82D7A417B421BB00529133 /* GTLFramework.m */,
				FD82D7A517B421BB00529133 /* GTLJSONParser.h */,
				FD82D7A617B421BB00529133 /* GTLJSONParser.m */,
				FD82D7A717B421BB00529133 /* GTLTargetNamespace.h */,
				FD82D7A817B421BB00529133 /* GTLUtilities.h */,
				FD82D7A917B421BB00529133 /* GTLUtilities.m */,
				FD82D7AA17B421BB00529133 /* GTLBase64.h */,
				FD82D7AB17B421BB00529133 /* GTLBase64.m */,
				FD82D7AC17B421BB00529133 /* GTMHTTPFetcherService.h */,
				FD82D7AD17B421BB00529133 /* GTMHTTPFetcherService.m */,
				FD82D7AE17B421BB00529133 /* GTMHTTPFetcher.h */,
				FD82D7AF17B421BB00529133 /* GTMHTTPFetcher.m */,
				FD82D7B017B421BB00529133 /* GTMHTTPFetcherLogging.h */,
				FD82D7B117B421BB00529133 /* GTMHTTPFetcherLogging.m */,
				FD82D7B217B421BB00529133 /* GTMHTTPFetchHistory.h */,
				FD82D7B317B421BB00529133 /* GTMHTTPFetchHistory.m */,
				FD82D7B417B421BB00529133 /* GTMHTTPUploadFetcher.h */,
				FD82D7B517B421BB00529133 /* GTMHTTPUploadFetcher.m */,
				FD82D7B617B421BB00529133 /* GTMGatherInputStream.h */,
				FD82D7B717B421BB00529133 /* GTMGatherInputStream.m */,
				FD82D7B817B421BB00529133 /* GTMMIMEDocument.h */,
				FD82D7B917B421BB00529133 /* GTMMIMEDocument.m */,
				FD82D7BA17B421BB00529133 /* GTMReadMonitorInputStream.h */,
				FD82D7BB17B421BB00529133 /* GTMReadMonitorInputStream.m */,
				FD82D7BC17B421BB00529133 /* JSON.h */,
				FD82D7BD17B421BB00529133 /* JSON.h */,
				FD82D7BE17B421BB00529133 /* SBJsonBase.h */,
				FD82D7BF17B421BB00529133 /* SBJsonBase.m */,
				FD82D7C017B421BB00529133 /* SBJsonParser.h */,
				FD82D7C117B421BB00529133 /* SBJsonParser.m */,
				FD82D7C217B421BB00529133 /* SBJsonWriter.h */,
				FD82D7C317B421BB00529133 /* SBJsonWriter.m */,
				FD82D7C417B421BB00529133 /* GTMOAuth2Authentication.h */,
				FD82D7C517B421BB00529133 /* GTMOAuth2Authentication.m */,
				FD82D7C617B421BB00529133 /* GTMOAuth2SignIn.h */,
				FD82D7C717B421BB00529133 /* GTMOAuth2SignIn.m */,
				FD82D7C817B421BB00529133 /* GTMOAuth2ViewControllerTouch.h */,
				FD82D7C917B421BB00529133 /* GTMOAuth2ViewControllerTouch.m */,
				FD82D7CA17B421BB00529133 /* GTMOAuth2ViewTouch.xib */,
			);
			name = "Client LIbrary";
			sourceTree = "<group>";
		};
		FD82D80F17B4220C00529133 /* API */ = {
			isa = PBXGroup;
			children = (
				FD081B8517BC935400336EDA /* GTLQueryRosetask.h */,
				FD081B8617BC935400336EDA /* GTLQueryRosetask.m */,
				FD081B8817BC935400336EDA /* GTLRosetask.h */,
				FD081B8917BC935400336EDA /* GTLRosetaskApiMessagesTaskListListResponse.h */,
				FD081B8A17BC935400336EDA /* GTLRosetaskApiMessagesTaskListListResponse.m */,
				FD081B8B17BC935400336EDA /* GTLRosetaskApiMessagesTaskListResponseMessage.h */,
				FD081B8C17BC935400336EDA /* GTLRosetaskApiMessagesTaskListResponseMessage.m */,
				FD081B8D17BC935400336EDA /* GTLRosetaskApiMessagesTaskResponseMessage.h */,
				FD081B8E17BC935400336EDA /* GTLRosetaskApiMessagesTaskResponseMessage.m */,
				FD081B8F17BC935400336EDA /* GTLRosetaskApiMessagesTaskUserResponseMessage.h */,
				FD081B9017BC935400336EDA /* GTLRosetaskApiMessagesTaskUserResponseMessage.m */,
				FD081B9117BC935400336EDA /* GTLRosetaskConstants.h */,
				FD081B9217BC935400336EDA /* GTLRosetaskConstants.m */,
				FD081B9317BC935400336EDA /* GTLRosetaskTask.h */,
				FD081B9417BC935400336EDA /* GTLRosetaskTask.m */,
				FD081B9517BC935400336EDA /* GTLRosetaskTaskCollection.h */,
				FD081B9617BC935400336EDA /* GTLRosetaskTaskCollection.m */,
				FD081B9717BC935400336EDA /* GTLRosetaskTaskList.h */,
				FD081B9817BC935400336EDA /* GTLRosetaskTaskList.m */,
				FD081B9917BC935400336EDA /* GTLRosetaskTaskListProtoIdTitleTaskUserEmails.h */,
				FD081B9A17BC935400336EDA /* GTLRosetaskTaskListProtoIdTitleTaskUserEmails.m */,
				FD081B9B17BC935400336EDA /* GTLRosetaskTaskProtoIdTextTaskListIdDetailsCompleteAssignedToEmail.h */,
				FD081B9C17BC935400336EDA /* GTLRosetaskTaskProtoIdTextTaskListIdDetailsCompleteAssignedToEmail.m */,
				FD081B9D17BC935400336EDA /* GTLRosetaskTaskUser.h */,
				FD081B9E17BC935400336EDA /* GTLRosetaskTaskUser.m */,
				FD081B9F17BC935400336EDA /* GTLRosetaskTaskUserProtoLowercaseEmailPreferredNameGooglePlusId.h */,
				FD081BA017BC935400336EDA /* GTLRosetaskTaskUserProtoLowercaseEmailPreferredNameGooglePlusId.m */,
				FD081BA117BC935400336EDA /* GTLServiceRosetask.h */,
				FD081BA217BC935400336EDA /* GTLServiceRosetask.m */,
			);
			name = API;
			sourceTree = "<group>";
		};
		FDBE74E717BBCCC40006092D /* CD Generated MOs */ = {
			isa = PBXGroup;
			children = (
				FD081BCA17BC9A2C00336EDA /* TaskList.h */,
				FD081BCB17BC9A2C00336EDA /* TaskList.m */,
				FD081BC717BC9A2C00336EDA /* Task.h */,
				FD081BC817BC9A2C00336EDA /* Task.m */,
				FD081BC417BC9A2B00336EDA /* DeleteTransaction.h */,
				FD081BC517BC9A2C00336EDA /* DeleteTransaction.m */,
				FD081BC117BC9A2B00336EDA /* TaskUser.h */,
				FD081BC217BC9A2B00336EDA /* TaskUser.m */,
			);
			name = "CD Generated MOs";
			sourceTree = "<group>";
		};
		FDBE74F417BBCD840006092D /* CD Helper utilities */ = {
			isa = PBXGroup;
			children = (
				FDBE74E817BBCD370006092D /* Task+HelperUtils.h */,
				FDBE74E917BBCD370006092D /* Task+HelperUtils.m */,
				FDBE74EB17BBCD4E0006092D /* TaskUser+HelperUtils.h */,
				FDBE74EC17BBCD4E0006092D /* TaskUser+HelperUtils.m */,
				FDBE74EE17BBCD670006092D /* TaskList+HelperUtils.h */,
				FDBE74EF17BBCD670006092D /* TaskList+HelperUtils.m */,
				FDBE74F117BBCD7B0006092D /* DeleteTransaction+HelperUtils.h */,
				FDBE74F217BBCD7B0006092D /* DeleteTransaction+HelperUtils.m */,
			);
			name = "CD Helper utilities";
			sourceTree = "<group>";
		};
		FDBE74F817BBD34A0006092D /* Endpoints */ = {
			isa = PBXGroup;
			children = (
				FDBE74F517BBD3250006092D /* RHEndpointsAdapter.h */,
				FDBE74F617BBD3250006092D /* RHEndpointsAdapter.m */,
			);
			name = Endpoints;
			sourceTree = "<group>";
		};
		FDFC23B717B41B6300AACB71 = {
			isa = PBXGroup;
			children = (
				FD82D81217B422DA00529133 /* SystemConfiguration.framework */,
				FD82D81017B422CD00529133 /* Security.framework */,
				FDFC23CB17B41B6400AACB71 /* Rose-Task */,
				FDFC23C217B41B6400AACB71 /* Frameworks */,
				FDFC23C117B41B6400AACB71 /* Products */,
			);
			sourceTree = "<group>";
		};
		FDFC23C117B41B6400AACB71 /* Products */ = {
			isa = PBXGroup;
			children = (
				FDFC23C017B41B6400AACB71 /* Rose-Task.app */,
			);
			name = Products;
			sourceTree = "<group>";
		};
		FDFC23C217B41B6400AACB71 /* Frameworks */ = {
			isa = PBXGroup;
			children = (
				FDFC23C317B41B6400AACB71 /* UIKit.framework */,
				FDFC23C517B41B6400AACB71 /* Foundation.framework */,
				FDFC23C717B41B6400AACB71 /* CoreGraphics.framework */,
				FDFC23C917B41B6400AACB71 /* CoreData.framework */,
			);
			name = Frameworks;
			sourceTree = "<group>";
		};
		FDFC23CB17B41B6400AACB71 /* Rose-Task */ = {
			isa = PBXGroup;
			children = (
				FDBE74F817BBD34A0006092D /* Endpoints */,
				FD292E4C17B94E4000BB9EBE /* TableViewCells */,
				FD292E4B17B94E2200BB9EBE /* DetailViewControllers */,
				FD292E4A17B94DEE00BB9EBE /* DisplayTableViewControllers */,
				FD82D80F17B4220C00529133 /* API */,
				FD82D7E717B421D300529133 /* Client LIbrary */,
				FDFC23D417B41B6400AACB71 /* RHAppDelegate.h */,
				FDFC23D517B41B6400AACB71 /* RHAppDelegate.m */,
				FDFC23DD17B41B6400AACB71 /* Rose_Task.xcdatamodeld */,
				FDFC23CC17B41B6400AACB71 /* Supporting Files */,
				FDFC23E517B41B7C00AACB71 /* iPhoneStoryboard.storyboard */,
				FD292E3B17B5F3A800BB9EBE /* RHLoginViewController.h */,
				FD292E3C17B5F3A800BB9EBE /* RHLoginViewController.m */,
				FDBE74E717BBCCC40006092D /* CD Generated MOs */,
				FDBE74F417BBCD840006092D /* CD Helper utilities */,
			);
			path = "Rose-Task";
			sourceTree = "<group>";
		};
		FDFC23CC17B41B6400AACB71 /* Supporting Files */ = {
			isa = PBXGroup;
			children = (
				FDFC23CD17B41B6400AACB71 /* Rose-Task-Info.plist */,
				FDFC23CE17B41B6400AACB71 /* InfoPlist.strings */,
				FDFC23D117B41B6400AACB71 /* main.m */,
				FDFC23D317B41B6400AACB71 /* Rose-Task-Prefix.pch */,
				FDFC23D717B41B6400AACB71 /* Default.png */,
				FDFC23D917B41B6400AACB71 /* Default@2x.png */,
				FDFC23DB17B41B6400AACB71 /* Default-568h@2x.png */,
			);
			name = "Supporting Files";
			sourceTree = "<group>";
		};
/* End PBXGroup section */

/* Begin PBXNativeTarget section */
		FDFC23BF17B41B6300AACB71 /* Rose-Task */ = {
			isa = PBXNativeTarget;
			buildConfigurationList = FDFC23E217B41B6400AACB71 /* Build configuration list for PBXNativeTarget "Rose-Task" */;
			buildPhases = (
				FDFC23BC17B41B6300AACB71 /* Sources */,
				FDFC23BD17B41B6300AACB71 /* Frameworks */,
				FDFC23BE17B41B6300AACB71 /* Resources */,
			);
			buildRules = (
			);
			dependencies = (
			);
			name = "Rose-Task";
			productName = "Rose-Task";
			productReference = FDFC23C017B41B6400AACB71 /* Rose-Task.app */;
			productType = "com.apple.product-type.application";
		};
/* End PBXNativeTarget section */

/* Begin PBXProject section */
		FDFC23B817B41B6300AACB71 /* Project object */ = {
			isa = PBXProject;
			attributes = {
				CLASSPREFIX = RH;
				LastUpgradeCheck = 0460;
				ORGANIZATIONNAME = "David Fisher";
			};
			buildConfigurationList = FDFC23BB17B41B6300AACB71 /* Build configuration list for PBXProject "Rose-Task" */;
			compatibilityVersion = "Xcode 3.2";
			developmentRegion = English;
			hasScannedForEncodings = 0;
			knownRegions = (
				en,
			);
			mainGroup = FDFC23B717B41B6300AACB71;
			productRefGroup = FDFC23C117B41B6400AACB71 /* Products */;
			projectDirPath = "";
			projectRoot = "";
			targets = (
				FDFC23BF17B41B6300AACB71 /* Rose-Task */,
			);
		};
/* End PBXProject section */

/* Begin PBXResourcesBuildPhase section */
		FDFC23BE17B41B6300AACB71 /* Resources */ = {
			isa = PBXResourcesBuildPhase;
			buildActionMask = 2147483647;
			files = (
				FDFC23D017B41B6400AACB71 /* InfoPlist.strings in Resources */,
				FDFC23D817B41B6400AACB71 /* Default.png in Resources */,
				FDFC23DA17B41B6400AACB71 /* Default@2x.png in Resources */,
				FDFC23DC17B41B6400AACB71 /* Default-568h@2x.png in Resources */,
				FDFC23E617B41B7C00AACB71 /* iPhoneStoryboard.storyboard in Resources */,
				FD82D7E617B421BB00529133 /* GTMOAuth2ViewTouch.xib in Resources */,
			);
			runOnlyForDeploymentPostprocessing = 0;
		};
/* End PBXResourcesBuildPhase section */

/* Begin PBXSourcesBuildPhase section */
		FDFC23BC17B41B6300AACB71 /* Sources */ = {
			isa = PBXSourcesBuildPhase;
			buildActionMask = 2147483647;
			files = (
				FDFC23D217B41B6400AACB71 /* main.m in Sources */,
				FDFC23D617B41B6400AACB71 /* RHAppDelegate.m in Sources */,
				FDFC23DF17B41B6400AACB71 /* Rose_Task.xcdatamodeld in Sources */,
				FDFC23E917B41C8A00AACB71 /* RHTaskListTableViewController.m in Sources */,
				FDFC23EC17B41CC400AACB71 /* RHTaskTableViewController.m in Sources */,
				FD82D7CB17B421BB00529133 /* GTLObject.m in Sources */,
				FD82D7CC17B421BB00529133 /* GTLQuery.m in Sources */,
				FD82D7CD17B421BB00529133 /* GTLBatchQuery.m in Sources */,
				FD82D7CE17B421BB00529133 /* GTLService.m in Sources */,
				FD82D7CF17B421BB00529133 /* GTLBatchResult.m in Sources */,
				FD82D7D017B421BB00529133 /* GTLUploadParameters.m in Sources */,
				FD82D7D117B421BB00529133 /* GTLDateTime.m in Sources */,
				FD82D7D217B421BB00529133 /* GTLErrorObject.m in Sources */,
				FD82D7D317B421BB00529133 /* GTLRuntimeCommon.m in Sources */,
				FD82D7D417B421BB00529133 /* GTLFramework.m in Sources */,
				FD82D7D517B421BB00529133 /* GTLJSONParser.m in Sources */,
				FD82D7D617B421BB00529133 /* GTLUtilities.m in Sources */,
				FD82D7D717B421BB00529133 /* GTLBase64.m in Sources */,
				FD82D7D817B421BB00529133 /* GTMHTTPFetcherService.m in Sources */,
				FD82D7D917B421BB00529133 /* GTMHTTPFetcher.m in Sources */,
				FD82D7DA17B421BB00529133 /* GTMHTTPFetcherLogging.m in Sources */,
				FD82D7DB17B421BB00529133 /* GTMHTTPFetchHistory.m in Sources */,
				FD82D7DC17B421BB00529133 /* GTMHTTPUploadFetcher.m in Sources */,
				FD82D7DD17B421BB00529133 /* GTMGatherInputStream.m in Sources */,
				FD82D7DE17B421BB00529133 /* GTMMIMEDocument.m in Sources */,
				FD82D7DF17B421BB00529133 /* GTMReadMonitorInputStream.m in Sources */,
				FD82D7E017B421BB00529133 /* SBJsonBase.m in Sources */,
				FD82D7E117B421BB00529133 /* SBJsonParser.m in Sources */,
				FD82D7E217B421BB00529133 /* SBJsonWriter.m in Sources */,
				FD82D7E317B421BB00529133 /* GTMOAuth2Authentication.m in Sources */,
				FD82D7E417B421BB00529133 /* GTMOAuth2SignIn.m in Sources */,
				FD82D7E517B421BB00529133 /* GTMOAuth2ViewControllerTouch.m in Sources */,
				FD292E3D17B5F3A800BB9EBE /* RHLoginViewController.m in Sources */,
				FD292E4017B8816400BB9EBE /* RHTaskDetailViewController.m in Sources */,
				FD292E4917B94D8600BB9EBE /* RHTaskListTitleCell.m in Sources */,
				FDC0FF8217B9D64300341E18 /* RHTaskListDetailViewController.m in Sources */,
				FDBE74EA17BBCD370006092D /* Task+HelperUtils.m in Sources */,
				FDBE74ED17BBCD4E0006092D /* TaskUser+HelperUtils.m in Sources */,
				FDBE74F017BBCD670006092D /* TaskList+HelperUtils.m in Sources */,
				FDBE74F317BBCD7B0006092D /* DeleteTransaction+HelperUtils.m in Sources */,
				FDBE74F717BBD3250006092D /* RHEndpointsAdapter.m in Sources */,
				FD081BA317BC935400336EDA /* GTLQueryRosetask.m in Sources */,
				FD081BA517BC935400336EDA /* GTLRosetaskApiMessagesTaskListListResponse.m in Sources */,
				FD081BA617BC935400336EDA /* GTLRosetaskApiMessagesTaskListResponseMessage.m in Sources */,
				FD081BA717BC935400336EDA /* GTLRosetaskApiMessagesTaskResponseMessage.m in Sources */,
				FD081BA817BC935400336EDA /* GTLRosetaskApiMessagesTaskUserResponseMessage.m in Sources */,
				FD081BA917BC935400336EDA /* GTLRosetaskConstants.m in Sources */,
				FD081BAA17BC935400336EDA /* GTLRosetaskTask.m in Sources */,
				FD081BAB17BC935400336EDA /* GTLRosetaskTaskCollection.m in Sources */,
				FD081BAC17BC935400336EDA /* GTLRosetaskTaskList.m in Sources */,
				FD081BAD17BC935400336EDA /* GTLRosetaskTaskListProtoIdTitleTaskUserEmails.m in Sources */,
				FD081BAE17BC935400336EDA /* GTLRosetaskTaskProtoIdTextTaskListIdDetailsCompleteAssignedToEmail.m in Sources */,
				FD081BAF17BC935400336EDA /* GTLRosetaskTaskUser.m in Sources */,
				FD081BB017BC935400336EDA /* GTLRosetaskTaskUserProtoLowercaseEmailPreferredNameGooglePlusId.m in Sources */,
				FD081BB117BC935400336EDA /* GTLServiceRosetask.m in Sources */,
				FD081BC317BC9A2B00336EDA /* TaskUser.m in Sources */,
				FD081BC617BC9A2C00336EDA /* DeleteTransaction.m in Sources */,
				FD081BC917BC9A2C00336EDA /* Task.m in Sources */,
				FD081BCC17BC9A2C00336EDA /* TaskList.m in Sources */,
			);
			runOnlyForDeploymentPostprocessing = 0;
		};
/* End PBXSourcesBuildPhase section */

/* Begin PBXVariantGroup section */
		FDFC23CE17B41B6400AACB71 /* InfoPlist.strings */ = {
			isa = PBXVariantGroup;
			children = (
				FDFC23CF17B41B6400AACB71 /* en */,
			);
			name = InfoPlist.strings;
			sourceTree = "<group>";
		};
/* End PBXVariantGroup section */

/* Begin XCBuildConfiguration section */
		FDFC23E017B41B6400AACB71 /* Debug */ = {
			isa = XCBuildConfiguration;
			buildSettings = {
				ALWAYS_SEARCH_USER_PATHS = NO;
				CLANG_CXX_LANGUAGE_STANDARD = "gnu++0x";
				CLANG_CXX_LIBRARY = "libc++";
				CLANG_ENABLE_OBJC_ARC = YES;
				CLANG_WARN_CONSTANT_CONVERSION = YES;
				CLANG_WARN_EMPTY_BODY = YES;
				CLANG_WARN_ENUM_CONVERSION = YES;
				CLANG_WARN_INT_CONVERSION = YES;
				CLANG_WARN__DUPLICATE_METHOD_MATCH = YES;
				"CODE_SIGN_IDENTITY[sdk=iphoneos*]" = "iPhone Developer";
				COPY_PHASE_STRIP = NO;
				GCC_C_LANGUAGE_STANDARD = gnu99;
				GCC_DYNAMIC_NO_PIC = NO;
				GCC_OPTIMIZATION_LEVEL = 0;
				GCC_PREPROCESSOR_DEFINITIONS = (
					"DEBUG=1",
					"$(inherited)",
				);
				GCC_SYMBOLS_PRIVATE_EXTERN = NO;
				GCC_WARN_ABOUT_RETURN_TYPE = YES;
				GCC_WARN_UNINITIALIZED_AUTOS = YES;
				GCC_WARN_UNUSED_VARIABLE = YES;
				IPHONEOS_DEPLOYMENT_TARGET = 6.1;
				ONLY_ACTIVE_ARCH = YES;
				SDKROOT = iphoneos;
				TARGETED_DEVICE_FAMILY = "1,2";
			};
			name = Debug;
		};
		FDFC23E117B41B6400AACB71 /* Release */ = {
			isa = XCBuildConfiguration;
			buildSettings = {
				ALWAYS_SEARCH_USER_PATHS = NO;
				CLANG_CXX_LANGUAGE_STANDARD = "gnu++0x";
				CLANG_CXX_LIBRARY = "libc++";
				CLANG_ENABLE_OBJC_ARC = YES;
				CLANG_WARN_CONSTANT_CONVERSION = YES;
				CLANG_WARN_EMPTY_BODY = YES;
				CLANG_WARN_ENUM_CONVERSION = YES;
				CLANG_WARN_INT_CONVERSION = YES;
				CLANG_WARN__DUPLICATE_METHOD_MATCH = YES;
				"CODE_SIGN_IDENTITY[sdk=iphoneos*]" = "iPhone Developer";
				COPY_PHASE_STRIP = YES;
				GCC_C_LANGUAGE_STANDARD = gnu99;
				GCC_WARN_ABOUT_RETURN_TYPE = YES;
				GCC_WARN_UNINITIALIZED_AUTOS = YES;
				GCC_WARN_UNUSED_VARIABLE = YES;
				IPHONEOS_DEPLOYMENT_TARGET = 6.1;
				OTHER_CFLAGS = "-DNS_BLOCK_ASSERTIONS=1";
				SDKROOT = iphoneos;
				TARGETED_DEVICE_FAMILY = "1,2";
				VALIDATE_PRODUCT = YES;
			};
			name = Release;
		};
		FDFC23E317B41B6400AACB71 /* Debug */ = {
			isa = XCBuildConfiguration;
			buildSettings = {
				GCC_PRECOMPILE_PREFIX_HEADER = YES;
				GCC_PREFIX_HEADER = "Rose-Task/Rose-Task-Prefix.pch";
				INFOPLIST_FILE = "Rose-Task/Rose-Task-Info.plist";
				PRODUCT_NAME = "$(TARGET_NAME)";
				WRAPPER_EXTENSION = app;
			};
			name = Debug;
		};
		FDFC23E417B41B6400AACB71 /* Release */ = {
			isa = XCBuildConfiguration;
			buildSettings = {
				GCC_PRECOMPILE_PREFIX_HEADER = YES;
				GCC_PREFIX_HEADER = "Rose-Task/Rose-Task-Prefix.pch";
				INFOPLIST_FILE = "Rose-Task/Rose-Task-Info.plist";
				PRODUCT_NAME = "$(TARGET_NAME)";
				WRAPPER_EXTENSION = app;
			};
			name = Release;
		};
/* End XCBuildConfiguration section */

/* Begin XCConfigurationList section */
		FDFC23BB17B41B6300AACB71 /* Build configuration list for PBXProject "Rose-Task" */ = {
			isa = XCConfigurationList;
			buildConfigurations = (
				FDFC23E017B41B6400AACB71 /* Debug */,
				FDFC23E117B41B6400AACB71 /* Release */,
			);
			defaultConfigurationIsVisible = 0;
			defaultConfigurationName = Release;
		};
		FDFC23E217B41B6400AACB71 /* Build configuration list for PBXNativeTarget "Rose-Task" */ = {
			isa = XCConfigurationList;
			buildConfigurations = (
				FDFC23E317B41B6400AACB71 /* Debug */,
				FDFC23E417B41B6400AACB71 /* Release */,
			);
			defaultConfigurationIsVisible = 0;
			defaultConfigurationName = Release;
		};
/* End XCConfigurationList section */

/* Begin XCVersionGroup section */
		FDFC23DD17B41B6400AACB71 /* Rose_Task.xcdatamodeld */ = {
			isa = XCVersionGroup;
			children = (
				FDFC23DE17B41B6400AACB71 /* Rose_Task.xcdatamodel */,
			);
			currentVersion = FDFC23DE17B41B6400AACB71 /* Rose_Task.xcdatamodel */;
			path = Rose_Task.xcdatamodeld;
			sourceTree = "<group>";
			versionGroupType = wrapper.xcdatamodel;
		};
/* End XCVersionGroup section */
	};
	rootObject = FDFC23B817B41B6300AACB71 /* Project object */;
}
